// !$*UTF8*$!
{
	archiveVersion = 1;
	classes = {
	};
	objectVersion = 50;
	objects = {

/* Begin PBXBuildFile section */
		88E6116420E950CC00467872 /* AppDelegate.swift in Sources */ = {isa = PBXBuildFile; fileRef = 88E6116320E950CC00467872 /* AppDelegate.swift */; };
		88E6116620E950CC00467872 /* ViewController.swift in Sources */ = {isa = PBXBuildFile; fileRef = 88E6116520E950CC00467872 /* ViewController.swift */; };
		88E6116920E950CC00467872 /* Main.storyboard in Resources */ = {isa = PBXBuildFile; fileRef = 88E6116720E950CC00467872 /* Main.storyboard */; };
		88E6116B20E950CE00467872 /* Assets.xcassets in Resources */ = {isa = PBXBuildFile; fileRef = 88E6116A20E950CE00467872 /* Assets.xcassets */; };
		88E6116E20E950CE00467872 /* LaunchScreen.storyboard in Resources */ = {isa = PBXBuildFile; fileRef = 88E6116C20E950CE00467872 /* LaunchScreen.storyboard */; };
		88E6117920E950CE00467872 /* QtaskrTests.swift in Sources */ = {isa = PBXBuildFile; fileRef = 88E6117820E950CE00467872 /* QtaskrTests.swift */; };
		88E6118420E950CE00467872 /* QtaskrUITests.swift in Sources */ = {isa = PBXBuildFile; fileRef = 88E6118320E950CE00467872 /* QtaskrUITests.swift */; };
/* End PBXBuildFile section */

/* Begin PBXContainerItemProxy section */
		88E6117520E950CE00467872 /* PBXContainerItemProxy */ = {
			isa = PBXContainerItemProxy;
			containerPortal = 88E6115820E950CC00467872 /* Project object */;
			proxyType = 1;
			remoteGlobalIDString = 88E6115F20E950CC00467872;
			remoteInfo = Qtaskr;
		};
		88E6118020E950CE00467872 /* PBXContainerItemProxy */ = {
			isa = PBXContainerItemProxy;
			containerPortal = 88E6115820E950CC00467872 /* Project object */;
			proxyType = 1;
			remoteGlobalIDString = 88E6115F20E950CC00467872;
			remoteInfo = Qtaskr;
		};
/* End PBXContainerItemProxy section */

/* Begin PBXFileReference section */
		88E6116020E950CC00467872 /* Qtaskr.app */ = {isa = PBXFileReference; explicitFileType = wrapper.application; includeInIndex = 0; path = Qtaskr.app; sourceTree = BUILT_PRODUCTS_DIR; };
		88E6116320E950CC00467872 /* AppDelegate.swift */ = {isa = PBXFileReference; lastKnownFileType = sourcecode.swift; path = AppDelegate.swift; sourceTree = "<group>"; };
		88E6116520E950CC00467872 /* ViewController.swift */ = {isa = PBXFileReference; lastKnownFileType = sourcecode.swift; path = ViewController.swift; sourceTree = "<group>"; };
		88E6116820E950CC00467872 /* Base */ = {isa = PBXFileReference; lastKnownFileType = file.storyboard; name = Base; path = Base.lproj/Main.storyboard; sourceTree = "<group>"; };
		88E6116A20E950CE00467872 /* Assets.xcassets */ = {isa = PBXFileReference; lastKnownFileType = folder.assetcatalog; path = Assets.xcassets; sourceTree = "<group>"; };
		88E6116D20E950CE00467872 /* Base */ = {isa = PBXFileReference; lastKnownFileType = file.storyboard; name = Base; path = Base.lproj/LaunchScreen.storyboard; sourceTree = "<group>"; };
		88E6116F20E950CE00467872 /* Info.plist */ = {isa = PBXFileReference; lastKnownFileType = text.plist.xml; path = Info.plist; sourceTree = "<group>"; };
		88E6117420E950CE00467872 /* QtaskrTests.xctest */ = {isa = PBXFileReference; explicitFileType = wrapper.cfbundle; includeInIndex = 0; path = QtaskrTests.xctest; sourceTree = BUILT_PRODUCTS_DIR; };
		88E6117820E950CE00467872 /* QtaskrTests.swift */ = {isa = PBXFileReference; lastKnownFileType = sourcecode.swift; path = QtaskrTests.swift; sourceTree = "<group>"; };
		88E6117A20E950CE00467872 /* Info.plist */ = {isa = PBXFileReference; lastKnownFileType = text.plist.xml; path = Info.plist; sourceTree = "<group>"; };
		88E6117F20E950CE00467872 /* QtaskrUITests.xctest */ = {isa = PBXFileReference; explicitFileType = wrapper.cfbundle; includeInIndex = 0; path = QtaskrUITests.xctest; sourceTree = BUILT_PRODUCTS_DIR; };
		88E6118320E950CE00467872 /* QtaskrUITests.swift */ = {isa = PBXFileReference; lastKnownFileType = sourcecode.swift; path = QtaskrUITests.swift; sourceTree = "<group>"; };
		88E6118520E950CE00467872 /* Info.plist */ = {isa = PBXFileReference; lastKnownFileType = text.plist.xml; path = Info.plist; sourceTree = "<group>"; };
/* End PBXFileReference section */

/* Begin PBXFrameworksBuildPhase section */
		88E6115D20E950CC00467872 /* Frameworks */ = {
			isa = PBXFrameworksBuildPhase;
			buildActionMask = 2147483647;
			files = (
			);
			runOnlyForDeploymentPostprocessing = 0;
		};
		88E6117120E950CE00467872 /* Frameworks */ = {
			isa = PBXFrameworksBuildPhase;
			buildActionMask = 2147483647;
			files = (
			);
			runOnlyForDeploymentPostprocessing = 0;
		};
		88E6117C20E950CE00467872 /* Frameworks */ = {
			isa = PBXFrameworksBuildPhase;
			buildActionMask = 2147483647;
			files = (
			);
			runOnlyForDeploymentPostprocessing = 0;
		};
/* End PBXFrameworksBuildPhase section */

/* Begin PBXGroup section */
		88E6115720E950CC00467872 = {
			isa = PBXGroup;
			children = (
				88E6116220E950CC00467872 /* Qtaskr */,
				88E6117720E950CE00467872 /* QtaskrTests */,
				88E6118220E950CE00467872 /* QtaskrUITests */,
				88E6116120E950CC00467872 /* Products */,
			);
			sourceTree = "<group>";
		};
		88E6116120E950CC00467872 /* Products */ = {
			isa = PBXGroup;
			children = (
				88E6116020E950CC00467872 /* Qtaskr.app */,
				88E6117420E950CE00467872 /* QtaskrTests.xctest */,
				88E6117F20E950CE00467872 /* QtaskrUITests.xctest */,
			);
			name = Products;
			sourceTree = "<group>";
		};
		88E6116220E950CC00467872 /* Qtaskr */ = {
			isa = PBXGroup;
			children = (
				88E6116320E950CC00467872 /* AppDelegate.swift */,
				88E6116520E950CC00467872 /* ViewController.swift */,
				88E6116720E950CC00467872 /* Main.storyboard */,
				88E6116A20E950CE00467872 /* Assets.xcassets */,
				88E6116C20E950CE00467872 /* LaunchScreen.storyboard */,
				88E6116F20E950CE00467872 /* Info.plist */,
			);
			path = Qtaskr;
			sourceTree = "<group>";
		};
		88E6117720E950CE00467872 /* QtaskrTests */ = {
			isa = PBXGroup;
			children = (
				88E6117820E950CE00467872 /* QtaskrTests.swift */,
				88E6117A20E950CE00467872 /* Info.plist */,
			);
			path = QtaskrTests;
			sourceTree = "<group>";
		};
		88E6118220E950CE00467872 /* QtaskrUITests */ = {
			isa = PBXGroup;
			children = (
				88E6118320E950CE00467872 /* QtaskrUITests.swift */,
				88E6118520E950CE00467872 /* Info.plist */,
			);
			path = QtaskrUITests;
			sourceTree = "<group>";
		};
/* End PBXGroup section */

/* Begin PBXNativeTarget section */
		88E6115F20E950CC00467872 /* Qtaskr */ = {
			isa = PBXNativeTarget;
			buildConfigurationList = 88E6118820E950CE00467872 /* Build configuration list for PBXNativeTarget "Qtaskr" */;
			buildPhases = (
				88E6115C20E950CC00467872 /* Sources */,
				88E6115D20E950CC00467872 /* Frameworks */,
				88E6115E20E950CC00467872 /* Resources */,
			);
			buildRules = (
			);
			dependencies = (
			);
			name = Qtaskr;
			productName = Qtaskr;
			productReference = 88E6116020E950CC00467872 /* Qtaskr.app */;
			productType = "com.apple.product-type.application";
		};
		88E6117320E950CE00467872 /* QtaskrTests */ = {
			isa = PBXNativeTarget;
			buildConfigurationList = 88E6118B20E950CE00467872 /* Build configuration list for PBXNativeTarget "QtaskrTests" */;
			buildPhases = (
				88E6117020E950CE00467872 /* Sources */,
				88E6117120E950CE00467872 /* Frameworks */,
				88E6117220E950CE00467872 /* Resources */,
			);
			buildRules = (
			);
			dependencies = (
				88E6117620E950CE00467872 /* PBXTargetDependency */,
			);
			name = QtaskrTests;
			productName = QtaskrTests;
			productReference = 88E6117420E950CE00467872 /* QtaskrTests.xctest */;
			productType = "com.apple.product-type.bundle.unit-test";
		};
		88E6117E20E950CE00467872 /* QtaskrUITests */ = {
			isa = PBXNativeTarget;
			buildConfigurationList = 88E6118E20E950CE00467872 /* Build configuration list for PBXNativeTarget "QtaskrUITests" */;
			buildPhases = (
				88E6117B20E950CE00467872 /* Sources */,
				88E6117C20E950CE00467872 /* Frameworks */,
				88E6117D20E950CE00467872 /* Resources */,
			);
			buildRules = (
			);
			dependencies = (
				88E6118120E950CE00467872 /* PBXTargetDependency */,
			);
			name = QtaskrUITests;
			productName = QtaskrUITests;
			productReference = 88E6117F20E950CE00467872 /* QtaskrUITests.xctest */;
			productType = "com.apple.product-type.bundle.ui-testing";
		};
/* End PBXNativeTarget section */

/* Begin PBXProject section */
		88E6115820E950CC00467872 /* Project object */ = {
			isa = PBXProject;
			attributes = {
				LastSwiftUpdateCheck = 0940;
				LastUpgradeCheck = 0940;
				ORGANIZATIONNAME = Qtaskr;
				TargetAttributes = {
					88E6115F20E950CC00467872 = {
						CreatedOnToolsVersion = 9.4.1;
						LastSwiftMigration = 1000;
					};
					88E6117320E950CE00467872 = {
						CreatedOnToolsVersion = 9.4.1;
						LastSwiftMigration = 1000;
						TestTargetID = 88E6115F20E950CC00467872;
					};
					88E6117E20E950CE00467872 = {
						CreatedOnToolsVersion = 9.4.1;
						LastSwiftMigration = 1000;
						TestTargetID = 88E6115F20E950CC00467872;
					};
				};
			};
			buildConfigurationList = 88E6115B20E950CC00467872 /* Build configuration list for PBXProject "Qtaskr" */;
			compatibilityVersion = "Xcode 9.3";
			developmentRegion = en;
			hasScannedForEncodings = 0;
			knownRegions = (
				en,
				Base,
			);
			mainGroup = 88E6115720E950CC00467872;
			productRefGroup = 88E6116120E950CC00467872 /* Products */;
			projectDirPath = "";
			projectRoot = "";
			targets = (
				88E6115F20E950CC00467872 /* Qtaskr */,
				88E6117320E950CE00467872 /* QtaskrTests */,
				88E6117E20E950CE00467872 /* QtaskrUITests */,
			);
		};
/* End PBXProject section */

/* Begin PBXResourcesBuildPhase section */
		88E6115E20E950CC00467872 /* Resources */ = {
			isa = PBXResourcesBuildPhase;
			buildActionMask = 2147483647;
			files = (
				88E6116E20E950CE00467872 /* LaunchScreen.storyboard in Resources */,
				88E6116B20E950CE00467872 /* Assets.xcassets in Resources */,
				88E6116920E950CC00467872 /* Main.storyboard in Resources */,
			);
			runOnlyForDeploymentPostprocessing = 0;
		};
		88E6117220E950CE00467872 /* Resources */ = {
			isa = PBXResourcesBuildPhase;
			buildActionMask = 2147483647;
			files = (
			);
			runOnlyForDeploymentPostprocessing = 0;
		};
		88E6117D20E950CE00467872 /* Resources */ = {
			isa = PBXResourcesBuildPhase;
			buildActionMask = 2147483647;
			files = (
			);
			runOnlyForDeploymentPostprocessing = 0;
		};
/* End PBXResourcesBuildPhase section */

/* Begin PBXSourcesBuildPhase section */
		88E6115C20E950CC00467872 /* Sources */ = {
			isa = PBXSourcesBuildPhase;
			buildActionMask = 2147483647;
			files = (
				88E6116620E950CC00467872 /* ViewController.swift in Sources */,
				88E6116420E950CC00467872 /* AppDelegate.swift in Sources */,
			);
			runOnlyForDeploymentPostprocessing = 0;
		};
		88E6117020E950CE00467872 /* Sources */ = {
			isa = PBXSourcesBuildPhase;
			buildActionMask = 2147483647;
			files = (
				88E6117920E950CE00467872 /* QtaskrTests.swift in Sources */,
			);
			runOnlyForDeploymentPostprocessing = 0;
		};
		88E6117B20E950CE00467872 /* Sources */ = {
			isa = PBXSourcesBuildPhase;
			buildActionMask = 2147483647;
			files = (
				88E6118420E950CE00467872 /* QtaskrUITests.swift in Sources */,
			);
			runOnlyForDeploymentPostprocessing = 0;
		};
/* End PBXSourcesBuildPhase section */

/* Begin PBXTargetDependency section */
		88E6117620E950CE00467872 /* PBXTargetDependency */ = {
			isa = PBXTargetDependency;
			target = 88E6115F20E950CC00467872 /* Qtaskr */;
			targetProxy = 88E6117520E950CE00467872 /* PBXContainerItemProxy */;
		};
		88E6118120E950CE00467872 /* PBXTargetDependency */ = {
			isa = PBXTargetDependency;
			target = 88E6115F20E950CC00467872 /* Qtaskr */;
			targetProxy = 88E6118020E950CE00467872 /* PBXContainerItemProxy */;
		};
/* End PBXTargetDependency section */

/* Begin PBXVariantGroup section */
		88E6116720E950CC00467872 /* Main.storyboard */ = {
			isa = PBXVariantGroup;
			children = (
				88E6116820E950CC00467872 /* Base */,
			);
			name = Main.storyboard;
			sourceTree = "<group>";
		};
		88E6116C20E950CE00467872 /* LaunchScreen.storyboard */ = {
			isa = PBXVariantGroup;
			children = (
				88E6116D20E950CE00467872 /* Base */,
			);
			name = LaunchScreen.storyboard;
			sourceTree = "<group>";
		};
/* End PBXVariantGroup section */

/* Begin XCBuildConfiguration section */
		88E6118620E950CE00467872 /* Debug */ = {
			isa = XCBuildConfiguration;
			buildSettings = {
				ALWAYS_SEARCH_USER_PATHS = NO;
				CLANG_ANALYZER_NONNULL = YES;
				CLANG_ANALYZER_NUMBER_OBJECT_CONVERSION = YES_AGGRESSIVE;
				CLANG_CXX_LANGUAGE_STANDARD = "gnu++14";
				CLANG_CXX_LIBRARY = "libc++";
				CLANG_ENABLE_MODULES = YES;
				CLANG_ENABLE_OBJC_ARC = YES;
				CLANG_ENABLE_OBJC_WEAK = YES;
				CLANG_WARN_BLOCK_CAPTURE_AUTORELEASING = YES;
				CLANG_WARN_BOOL_CONVERSION = YES;
				CLANG_WARN_COMMA = YES;
				CLANG_WARN_CONSTANT_CONVERSION = YES;
				CLANG_WARN_DEPRECATED_OBJC_IMPLEMENTATIONS = YES;
				CLANG_WARN_DIRECT_OBJC_ISA_USAGE = YES_ERROR;
				CLANG_WARN_DOCUMENTATION_COMMENTS = YES;
				CLANG_WARN_EMPTY_BODY = YES;
				CLANG_WARN_ENUM_CONVERSION = YES;
				CLANG_WARN_INFINITE_RECURSION = YES;
				CLANG_WARN_INT_CONVERSION = YES;
				CLANG_WARN_NON_LITERAL_NULL_CONVERSION = YES;
				CLANG_WARN_OBJC_IMPLICIT_RETAIN_SELF = YES;
				CLANG_WARN_OBJC_LITERAL_CONVERSION = YES;
				CLANG_WARN_OBJC_ROOT_CLASS = YES_ERROR;
				CLANG_WARN_RANGE_LOOP_ANALYSIS = YES;
				CLANG_WARN_STRICT_PROTOTYPES = YES;
				CLANG_WARN_SUSPICIOUS_MOVE = YES;
				CLANG_WARN_UNGUARDED_AVAILABILITY = YES_AGGRESSIVE;
				CLANG_WARN_UNREACHABLE_CODE = YES;
				CLANG_WARN__DUPLICATE_METHOD_MATCH = YES;
				CODE_SIGN_IDENTITY = "iPhone Developer";
				COPY_PHASE_STRIP = NO;
				DEBUG_INFORMATION_FORMAT = dwarf;
				ENABLE_STRICT_OBJC_MSGSEND = YES;
				ENABLE_TESTABILITY = YES;
				GCC_C_LANGUAGE_STANDARD = gnu11;
				GCC_DYNAMIC_NO_PIC = NO;
				GCC_NO_COMMON_BLOCKS = YES;
				GCC_OPTIMIZATION_LEVEL = 0;
				GCC_PREPROCESSOR_DEFINITIONS = (
					"DEBUG=1",
					"$(inherited)",
				);
				GCC_WARN_64_TO_32_BIT_CONVERSION = YES;
				GCC_WARN_ABOUT_RETURN_TYPE = YES_ERROR;
				GCC_WARN_UNDECLARED_SELECTOR = YES;
				GCC_WARN_UNINITIALIZED_AUTOS = YES_AGGRESSIVE;
				GCC_WARN_UNUSED_FUNCTION = YES;
				GCC_WARN_UNUSED_VARIABLE = YES;
				IPHONEOS_DEPLOYMENT_TARGET = 11.4;
				MTL_ENABLE_DEBUG_INFO = YES;
				ONLY_ACTIVE_ARCH = YES;
				SDKROOT = iphoneos;
				SWIFT_ACTIVE_COMPILATION_CONDITIONS = DEBUG;
				SWIFT_OPTIMIZATION_LEVEL = "-Onone";
			};
			name = Debug;
		};
		88E6118720E950CE00467872 /* Release */ = {
			isa = XCBuildConfiguration;
			buildSettings = {
				ALWAYS_SEARCH_USER_PATHS = NO;
				CLANG_ANALYZER_NONNULL = YES;
				CLANG_ANALYZER_NUMBER_OBJECT_CONVERSION = YES_AGGRESSIVE;
				CLANG_CXX_LANGUAGE_STANDARD = "gnu++14";
				CLANG_CXX_LIBRARY = "libc++";
				CLANG_ENABLE_MODULES = YES;
				CLANG_ENABLE_OBJC_ARC = YES;
				CLANG_ENABLE_OBJC_WEAK = YES;
				CLANG_WARN_BLOCK_CAPTURE_AUTORELEASING = YES;
				CLANG_WARN_BOOL_CONVERSION = YES;
				CLANG_WARN_COMMA = YES;
				CLANG_WARN_CONSTANT_CONVERSION = YES;
				CLANG_WARN_DEPRECATED_OBJC_IMPLEMENTATIONS = YES;
				CLANG_WARN_DIRECT_OBJC_ISA_USAGE = YES_ERROR;
				CLANG_WARN_DOCUMENTATION_COMMENTS = YES;
				CLANG_WARN_EMPTY_BODY = YES;
				CLANG_WARN_ENUM_CONVERSION = YES;
				CLANG_WARN_INFINITE_RECURSION = YES;
				CLANG_WARN_INT_CONVERSION = YES;
				CLANG_WARN_NON_LITERAL_NULL_CONVERSION = YES;
				CLANG_WARN_OBJC_IMPLICIT_RETAIN_SELF = YES;
				CLANG_WARN_OBJC_LITERAL_CONVERSION = YES;
				CLANG_WARN_OBJC_ROOT_CLASS = YES_ERROR;
				CLANG_WARN_RANGE_LOOP_ANALYSIS = YES;
				CLANG_WARN_STRICT_PROTOTYPES = YES;
				CLANG_WARN_SUSPICIOUS_MOVE = YES;
				CLANG_WARN_UNGUARDED_AVAILABILITY = YES_AGGRESSIVE;
				CLANG_WARN_UNREACHABLE_CODE = YES;
				CLANG_WARN__DUPLICATE_METHOD_MATCH = YES;
				CODE_SIGN_IDENTITY = "iPhone Developer";
				COPY_PHASE_STRIP = NO;
				DEBUG_INFORMATION_FORMAT = "dwarf-with-dsym";
				ENABLE_NS_ASSERTIONS = NO;
				ENABLE_STRICT_OBJC_MSGSEND = YES;
				GCC_C_LANGUAGE_STANDARD = gnu11;
				GCC_NO_COMMON_BLOCKS = YES;
				GCC_WARN_64_TO_32_BIT_CONVERSION = YES;
				GCC_WARN_ABOUT_RETURN_TYPE = YES_ERROR;
				GCC_WARN_UNDECLARED_SELECTOR = YES;
				GCC_WARN_UNINITIALIZED_AUTOS = YES_AGGRESSIVE;
				GCC_WARN_UNUSED_FUNCTION = YES;
				GCC_WARN_UNUSED_VARIABLE = YES;
				IPHONEOS_DEPLOYMENT_TARGET = 11.4;
				MTL_ENABLE_DEBUG_INFO = NO;
				SDKROOT = iphoneos;
				SWIFT_COMPILATION_MODE = wholemodule;
				SWIFT_OPTIMIZATION_LEVEL = "-O";
				VALIDATE_PRODUCT = YES;
			};
			name = Release;
		};
		88E6118920E950CE00467872 /* Debug */ = {
			isa = XCBuildConfiguration;
			buildSettings = {
				ASSETCATALOG_COMPILER_APPICON_NAME = AppIcon;
				CODE_SIGN_STYLE = Automatic;
				DEVELOPMENT_TEAM = L644F82G3L;
				INFOPLIST_FILE = Qtaskr/Info.plist;
				LD_RUNPATH_SEARCH_PATHS = (
					"$(inherited)",
					"@executable_path/Frameworks",
				);
				PRODUCT_BUNDLE_IDENTIFIER = com.qtaskr.Qtaskr;
				PRODUCT_NAME = "$(TARGET_NAME)";
				SWIFT_VERSION = 4.2;
				TARGETED_DEVICE_FAMILY = "1,2";
			};
			name = Debug;
		};
		88E6118A20E950CE00467872 /* Release */ = {
			isa = XCBuildConfiguration;
			buildSettings = {
				ASSETCATALOG_COMPILER_APPICON_NAME = AppIcon;
				CODE_SIGN_STYLE = Automatic;
				DEVELOPMENT_TEAM = L644F82G3L;
				INFOPLIST_FILE = Qtaskr/Info.plist;
				LD_RUNPATH_SEARCH_PATHS = (
					"$(inherited)",
					"@executable_path/Frameworks",
				);
				PRODUCT_BUNDLE_IDENTIFIER = com.qtaskr.Qtaskr;
				PRODUCT_NAME = "$(TARGET_NAME)";
				SWIFT_VERSION = 4.2;
				TARGETED_DEVICE_FAMILY = "1,2";
			};
			name = Release;
		};
		88E6118C20E950CE00467872 /* Debug */ = {
			isa = XCBuildConfiguration;
			buildSettings = {
				ALWAYS_EMBED_SWIFT_STANDARD_LIBRARIES = YES;
				BUNDLE_LOADER = "$(TEST_HOST)";
				CODE_SIGN_STYLE = Automatic;
				DEVELOPMENT_TEAM = L644F82G3L;
				INFOPLIST_FILE = QtaskrTests/Info.plist;
				LD_RUNPATH_SEARCH_PATHS = (
					"$(inherited)",
					"@executable_path/Frameworks",
					"@loader_path/Frameworks",
				);
				PRODUCT_BUNDLE_IDENTIFIER = com.qtaskr.QtaskrTests;
				PRODUCT_NAME = "$(TARGET_NAME)";
				SWIFT_VERSION = 4.2;
				TARGETED_DEVICE_FAMILY = "1,2";
				TEST_HOST = "$(BUILT_PRODUCTS_DIR)/Qtaskr.app/Qtaskr";
			};
			name = Debug;
		};
		88E6118D20E950CE00467872 /* Release */ = {
			isa = XCBuildConfiguration;
			buildSettings = {
				ALWAYS_EMBED_SWIFT_STANDARD_LIBRARIES = YES;
				BUNDLE_LOADER = "$(TEST_HOST)";
				CODE_SIGN_STYLE = Automatic;
				DEVELOPMENT_TEAM = L644F82G3L;
				INFOPLIST_FILE = QtaskrTests/Info.plist;
				LD_RUNPATH_SEARCH_PATHS = (
					"$(inherited)",
					"@executable_path/Frameworks",
					"@loader_path/Frameworks",
				);
				PRODUCT_BUNDLE_IDENTIFIER = com.qtaskr.QtaskrTests;
				PRODUCT_NAME = "$(TARGET_NAME)";
				SWIFT_VERSION = 4.2;
				TARGETED_DEVICE_FAMILY = "1,2";
				TEST_HOST = "$(BUILT_PRODUCTS_DIR)/Qtaskr.app/Qtaskr";
			};
			name = Release;
		};
		88E6118F20E950CE00467872 /* Debug */ = {
			isa = XCBuildConfiguration;
			buildSettings = {
				ALWAYS_EMBED_SWIFT_STANDARD_LIBRARIES = YES;
				CODE_SIGN_STYLE = Automatic;
				DEVELOPMENT_TEAM = L644F82G3L;
				INFOPLIST_FILE = QtaskrUITests/Info.plist;
				LD_RUNPATH_SEARCH_PATHS = (
					"$(inherited)",
					"@executable_path/Frameworks",
					"@loader_path/Frameworks",
				);
				PRODUCT_BUNDLE_IDENTIFIER = com.qtaskr.QtaskrUITests;
				PRODUCT_NAME = "$(TARGET_NAME)";
				SWIFT_VERSION = 4.2;
				TARGETED_DEVICE_FAMILY = "1,2";
				TEST_TARGET_NAME = Qtaskr;
			};
			name = Debug;
		};
		88E6119020E950CE00467872 /* Release */ = {
			isa = XCBuildConfiguration;
			buildSettings = {
				ALWAYS_EMBED_SWIFT_STANDARD_LIBRARIES = YES;
				CODE_SIGN_STYLE = Automatic;
				DEVELOPMENT_TEAM = L644F82G3L;
				INFOPLIST_FILE = QtaskrUITests/Info.plist;
				LD_RUNPATH_SEARCH_PATHS = (
					"$(inherited)",
					"@executable_path/Frameworks",
					"@loader_path/Frameworks",
				);
				PRODUCT_BUNDLE_IDENTIFIER = com.qtaskr.QtaskrUITests;
				PRODUCT_NAME = "$(TARGET_NAME)";
				SWIFT_VERSION = 4.2;
				TARGETED_DEVICE_FAMILY = "1,2";
				TEST_TARGET_NAME = Qtaskr;
			};
			name = Release;
		};
/* End XCBuildConfiguration section */

/* Begin XCConfigurationList section */
		88E6115B20E950CC00467872 /* Build configuration list for PBXProject "Qtaskr" */ = {
			isa = XCConfigurationList;
			buildConfigurations = (
				88E6118620E950CE00467872 /* Debug */,
				88E6118720E950CE00467872 /* Release */,
			);
			defaultConfigurationIsVisible = 0;
			defaultConfigurationName = Release;
		};
		88E6118820E950CE00467872 /* Build configuration list for PBXNativeTarget "Qtaskr" */ = {
			isa = XCConfigurationList;
			buildConfigurations = (
				88E6118920E950CE00467872 /* Debug */,
				88E6118A20E950CE00467872 /* Release */,
			);
			defaultConfigurationIsVisible = 0;
			defaultConfigurationName = Release;
		};
		88E6118B20E950CE00467872 /* Build configuration list for PBXNativeTarget "QtaskrTests" */ = {
			isa = XCConfigurationList;
			buildConfigurations = (
				88E6118C20E950CE00467872 /* Debug */,
				88E6118D20E950CE00467872 /* Release */,
			);
			defaultConfigurationIsVisible = 0;
			defaultConfigurationName = Release;
		};
		88E6118E20E950CE00467872 /* Build configuration list for PBXNativeTarget "QtaskrUITests" */ = {
			isa = XCConfigurationList;
			buildConfigurations = (
				88E6118F20E950CE00467872 /* Debug */,
				88E6119020E950CE00467872 /* Release */,
			);
			defaultConfigurationIsVisible = 0;
			defaultConfigurationName = Release;
		};
/* End XCConfigurationList section */
	};
	rootObject = 88E6115820E950CC00467872 /* Project object */;
}
